
Microsoft Visual Studio Solution File, Format Version 12.00
# Visual Studio Version 16
VisualStudioVersion = 16.0.29215.179
MinimumVisualStudioVersion = 10.0.40219.1
Project("{9A19103F-16F7-4668-BE54-9A1E7A4F7556}") = "CircularLinkedList", "CircularLinkedList\CircularLinkedList.csproj", "{ADCD32D5-F575-4EF4-B5FB-6470ECE09167}"
EndProject
Project("{FAE04EC0-301F-11D3-BF4B-00C04F79EFBC}") = "CircularLinkedListTests", "CircularLinkedListTests\CircularLinkedListTests.csproj", "{A807809B-47FE-4E7B-87BF-B6F4D84D8845}"
EndProject
Global
	GlobalSection(SolutionConfigurationPlatforms) = preSolution
		Debug|Any CPU = Debug|Any CPU
		Release|Any CPU = Release|Any CPU
	EndGlobalSection
	GlobalSection(ProjectConfigurationPlatforms) = postSolution
		{ADCD32D5-F575-4EF4-B5FB-6470ECE09167}.Debug|Any CPU.ActiveCfg = Debug|Any CPU
		{ADCD32D5-F575-4EF4-B5FB-6470ECE09167}.Debug|Any CPU.Build.0 = Debug|Any CPU
		{ADCD32D5-F575-4EF4-B5FB-6470ECE09167}.Release|Any CPU.ActiveCfg = Release|Any CPU
		{ADCD32D5-F575-4EF4-B5FB-6470ECE09167}.Release|Any CPU.Build.0 = Release|Any CPU
		{A807809B-47FE-4E7B-87BF-B6F4D84D8845}.Debug|Any CPU.ActiveCfg = Debug|Any CPU
		{A807809B-47FE-4E7B-87BF-B6F4D84D8845}.Debug|Any CPU.Build.0 = Debug|Any CPU
		{A807809B-47FE-4E7B-87BF-B6F4D84D8845}.Release|Any CPU.ActiveCfg = Release|Any CPU
		{A807809B-47FE-4E7B-87BF-B6F4D84D8845}.Release|Any CPU.Build.0 = Release|Any CPU
	EndGlobalSection
	GlobalSection(SolutionProperties) = preSolution
		HideSolutionNode = FALSE
	EndGlobalSection
	GlobalSection(ExtensibilityGlobals) = postSolution
		SolutionGuid = {F65A51AF-B175-464C-8B47-0BD53752A64C}
	EndGlobalSection
EndGlobal
